
Microsoft Visual Studio Solution File, Format Version 12.00
Project("{FAE04EC0-301F-11D3-BF4B-00C04F79EFBC}") = "CourseWork", "CourseWork\CourseWork.csproj", "{33175AB4-FB8E-46F0-A5F1-C2B94EA86C98}"
EndProject
Global
	GlobalSection(SolutionConfigurationPlatforms) = preSolution
		Debug|Any CPU = Debug|Any CPU
		Release|Any CPU = Release|Any CPU
	EndGlobalSection
	GlobalSection(ProjectConfigurationPlatforms) = postSolution
		{33175AB4-FB8E-46F0-A5F1-C2B94EA86C98}.Debug|Any CPU.ActiveCfg = Debug|Any CPU
		{33175AB4-FB8E-46F0-A5F1-C2B94EA86C98}.Debug|Any CPU.Build.0 = Debug|Any CPU
		{33175AB4-FB8E-46F0-A5F1-C2B94EA86C98}.Release|Any CPU.ActiveCfg = Release|Any CPU
		{33175AB4-FB8E-46F0-A5F1-C2B94EA86C98}.Release|Any CPU.Build.0 = Release|Any CPU
	EndGlobalSection
EndGlobal
